// !$*UTF8*$!
{
	archiveVersion = 1;
	classes = {
	};
	objectVersion = 55;
	objects = {

/* Begin PBXBuildFile section */
		211EE5B028255A2E00623523 /* TasksCollectionViewCell.swift in Sources */ = {isa = PBXBuildFile; fileRef = 211EE5AF28255A2E00623523 /* TasksCollectionViewCell.swift */; };
		216E2488282672100040CA1D /* CreateTaskViewController.swift in Sources */ = {isa = PBXBuildFile; fileRef = 216E2487282672100040CA1D /* CreateTaskViewController.swift */; };
		2195E8A22827E0DA00E70875 /* DemarcationLine.swift in Sources */ = {isa = PBXBuildFile; fileRef = 2195E8A12827E0DA00E70875 /* DemarcationLine.swift */; };
		21AEE2CB2826BC1B00169939 /* TaskTitleTextField.swift in Sources */ = {isa = PBXBuildFile; fileRef = 21AEE2CA2826BC1B00169939 /* TaskTitleTextField.swift */; };
		21AEE2D92826C67100169939 /* PrioritySegmentedControl.swift in Sources */ = {isa = PBXBuildFile; fileRef = 21AEE2D82826C67100169939 /* PrioritySegmentedControl.swift */; };
		21AEE2DF2826CC8E00169939 /* DescriptionTextView.swift in Sources */ = {isa = PBXBuildFile; fileRef = 21AEE2DE2826CC8E00169939 /* DescriptionTextView.swift */; };
		21F2D91427E745840057C498 /* AppDelegate.swift in Sources */ = {isa = PBXBuildFile; fileRef = 21F2D91327E745840057C498 /* AppDelegate.swift */; };
		21F2D91627E745840057C498 /* SceneDelegate.swift in Sources */ = {isa = PBXBuildFile; fileRef = 21F2D91527E745840057C498 /* SceneDelegate.swift */; };
		21F2D91827E745840057C498 /* MainViewController.swift in Sources */ = {isa = PBXBuildFile; fileRef = 21F2D91727E745840057C498 /* MainViewController.swift */; };
		21F2D91D27E745850057C498 /* Assets.xcassets in Resources */ = {isa = PBXBuildFile; fileRef = 21F2D91C27E745850057C498 /* Assets.xcassets */; };
		21F2D92027E745850057C498 /* LaunchScreen.storyboard in Resources */ = {isa = PBXBuildFile; fileRef = 21F2D91E27E745850057C498 /* LaunchScreen.storyboard */; };
		4616C53E29546D860014AE2A /* Notifications.swift in Sources */ = {isa = PBXBuildFile; fileRef = 4616C53D29546D860014AE2A /* Notifications.swift */; };
		462FECF72951A64C002EC4D9 /* Manager.xcdatamodeld in Sources */ = {isa = PBXBuildFile; fileRef = 462FECF52951A64C002EC4D9 /* Manager.xcdatamodeld */; };
		4655373528EEE18A00A5EF1C /* CustomDatePicker.swift in Sources */ = {isa = PBXBuildFile; fileRef = 4655373428EEE18A00A5EF1C /* CustomDatePicker.swift */; };
		4655F131296314080036C9E0 /* TaskCollectionView.swift in Sources */ = {isa = PBXBuildFile; fileRef = 4655F130296314080036C9E0 /* TaskCollectionView.swift */; };
/* End PBXBuildFile section */

/* Begin PBXFileReference section */
		211EE5AF28255A2E00623523 /* TasksCollectionViewCell.swift */ = {isa = PBXFileReference; lastKnownFileType = sourcecode.swift; path = TasksCollectionViewCell.swift; sourceTree = "<group>"; };
		216E2487282672100040CA1D /* CreateTaskViewController.swift */ = {isa = PBXFileReference; lastKnownFileType = sourcecode.swift; path = CreateTaskViewController.swift; sourceTree = "<group>"; };
		2195E8A12827E0DA00E70875 /* DemarcationLine.swift */ = {isa = PBXFileReference; lastKnownFileType = sourcecode.swift; path = DemarcationLine.swift; sourceTree = "<group>"; };
		21AEE2CA2826BC1B00169939 /* TaskTitleTextField.swift */ = {isa = PBXFileReference; lastKnownFileType = sourcecode.swift; path = TaskTitleTextField.swift; sourceTree = "<group>"; };
		21AEE2D82826C67100169939 /* PrioritySegmentedControl.swift */ = {isa = PBXFileReference; lastKnownFileType = sourcecode.swift; path = PrioritySegmentedControl.swift; sourceTree = "<group>"; };
		21AEE2DE2826CC8E00169939 /* DescriptionTextView.swift */ = {isa = PBXFileReference; lastKnownFileType = sourcecode.swift; path = DescriptionTextView.swift; sourceTree = "<group>"; };
		21F2D91027E745840057C498 /* Manager.app */ = {isa = PBXFileReference; explicitFileType = wrapper.application; includeInIndex = 0; path = Manager.app; sourceTree = BUILT_PRODUCTS_DIR; };
		21F2D91327E745840057C498 /* AppDelegate.swift */ = {isa = PBXFileReference; lastKnownFileType = sourcecode.swift; path = AppDelegate.swift; sourceTree = "<group>"; };
		21F2D91527E745840057C498 /* SceneDelegate.swift */ = {isa = PBXFileReference; lastKnownFileType = sourcecode.swift; path = SceneDelegate.swift; sourceTree = "<group>"; };
		21F2D91727E745840057C498 /* MainViewController.swift */ = {isa = PBXFileReference; lastKnownFileType = sourcecode.swift; path = MainViewController.swift; sourceTree = "<group>"; };
		21F2D91C27E745850057C498 /* Assets.xcassets */ = {isa = PBXFileReference; lastKnownFileType = folder.assetcatalog; path = Assets.xcassets; sourceTree = "<group>"; };
		21F2D91F27E745850057C498 /* Base */ = {isa = PBXFileReference; lastKnownFileType = file.storyboard; name = Base; path = Base.lproj/LaunchScreen.storyboard; sourceTree = "<group>"; };
		21F2D92127E745850057C498 /* Info.plist */ = {isa = PBXFileReference; lastKnownFileType = text.plist.xml; path = Info.plist; sourceTree = "<group>"; };
		4616C53D29546D860014AE2A /* Notifications.swift */ = {isa = PBXFileReference; lastKnownFileType = sourcecode.swift; path = Notifications.swift; sourceTree = "<group>"; };
		462FECF62951A64C002EC4D9 /* Manager.xcdatamodel */ = {isa = PBXFileReference; lastKnownFileType = wrapper.xcdatamodel; path = Manager.xcdatamodel; sourceTree = "<group>"; };
		4655373428EEE18A00A5EF1C /* CustomDatePicker.swift */ = {isa = PBXFileReference; lastKnownFileType = sourcecode.swift; path = CustomDatePicker.swift; sourceTree = "<group>"; };
		4655F130296314080036C9E0 /* TaskCollectionView.swift */ = {isa = PBXFileReference; lastKnownFileType = sourcecode.swift; path = TaskCollectionView.swift; sourceTree = "<group>"; };
/* End PBXFileReference section */

/* Begin PBXFrameworksBuildPhase section */
		21F2D90D27E745840057C498 /* Frameworks */ = {
			isa = PBXFrameworksBuildPhase;
			buildActionMask = 2147483647;
			files = (
			);
			runOnlyForDeploymentPostprocessing = 0;
		};
/* End PBXFrameworksBuildPhase section */

/* Begin PBXGroup section */
		211EE5AE28255A0000623523 /* Cells */ = {
			isa = PBXGroup;
			children = (
				2195E8A92827E86000E70875 /* TaskCellViews */,
			);
			path = Cells;
			sourceTree = "<group>";
		};
		213040E7282503A900632C53 /* Controllers */ = {
			isa = PBXGroup;
			children = (
				21F2D91727E745840057C498 /* MainViewController.swift */,
				216E2487282672100040CA1D /* CreateTaskViewController.swift */,
			);
			path = Controllers;
			sourceTree = "<group>";
		};
		213040E8282503B800632C53 /* Views */ = {
			isa = PBXGroup;
			children = (
				21AEE2D82826C67100169939 /* PrioritySegmentedControl.swift */,
				4655F130296314080036C9E0 /* TaskCollectionView.swift */,
				211EE5AE28255A0000623523 /* Cells */,
				216E2489282676460040CA1D /* CreateTaskVC */,
			);
			path = Views;
			sourceTree = "<group>";
		};
		213040EA282503DA00632C53 /* Application */ = {
			isa = PBXGroup;
			children = (
				21F2D91327E745840057C498 /* AppDelegate.swift */,
				21F2D91527E745840057C498 /* SceneDelegate.swift */,
			);
			path = Application;
			sourceTree = "<group>";
		};
		213040EB2825041A00632C53 /* Resources */ = {
			isa = PBXGroup;
			children = (
				21F2D91C27E745850057C498 /* Assets.xcassets */,
				21F2D91E27E745850057C498 /* LaunchScreen.storyboard */,
				21F2D92127E745850057C498 /* Info.plist */,
			);
			path = Resources;
			sourceTree = "<group>";
		};
		216E2489282676460040CA1D /* CreateTaskVC */ = {
			isa = PBXGroup;
			children = (
				21AEE2CA2826BC1B00169939 /* TaskTitleTextField.swift */,
				4655373428EEE18A00A5EF1C /* CustomDatePicker.swift */,
				21AEE2DE2826CC8E00169939 /* DescriptionTextView.swift */,
			);
			path = CreateTaskVC;
			sourceTree = "<group>";
		};
		2195E8A92827E86000E70875 /* TaskCellViews */ = {
			isa = PBXGroup;
			children = (
				211EE5AF28255A2E00623523 /* TasksCollectionViewCell.swift */,
				2195E8A12827E0DA00E70875 /* DemarcationLine.swift */,
			);
			path = TaskCellViews;
			sourceTree = "<group>";
		};
		21F2D90727E745840057C498 = {
			isa = PBXGroup;
			children = (
				21F2D91227E745840057C498 /* Manager */,
				21F2D91127E745840057C498 /* Products */,
			);
			sourceTree = "<group>";
		};
		21F2D91127E745840057C498 /* Products */ = {
			isa = PBXGroup;
			children = (
				21F2D91027E745840057C498 /* Manager.app */,
			);
			name = Products;
			sourceTree = "<group>";
		};
		21F2D91227E745840057C498 /* Manager */ = {
			isa = PBXGroup;
			children = (
				213040EB2825041A00632C53 /* Resources */,
				213040EA282503DA00632C53 /* Application */,
				4652735E2951C8AC00B8D2EE /* Model */,
				213040E8282503B800632C53 /* Views */,
				213040E7282503A900632C53 /* Controllers */,
			);
			path = Manager;
			sourceTree = "<group>";
		};
		4616C53C29546D630014AE2A /* Notifications */ = {
			isa = PBXGroup;
			children = (
				4616C53D29546D860014AE2A /* Notifications.swift */,
			);
			path = Notifications;
			sourceTree = "<group>";
		};
		4652735E2951C8AC00B8D2EE /* Model */ = {
			isa = PBXGroup;
			children = (
				4616C53C29546D630014AE2A /* Notifications */,
				4652735F2951C8B600B8D2EE /* Storage */,
			);
			path = Model;
			sourceTree = "<group>";
		};
		4652735F2951C8B600B8D2EE /* Storage */ = {
			isa = PBXGroup;
			children = (
				462FECF52951A64C002EC4D9 /* Manager.xcdatamodeld */,
			);
			path = Storage;
			sourceTree = "<group>";
		};
/* End PBXGroup section */

/* Begin PBXNativeTarget section */
		21F2D90F27E745840057C498 /* Manager */ = {
			isa = PBXNativeTarget;
			buildConfigurationList = 21F2D92427E745850057C498 /* Build configuration list for PBXNativeTarget "Manager" */;
			buildPhases = (
				21F2D90C27E745840057C498 /* Sources */,
				21F2D90D27E745840057C498 /* Frameworks */,
				21F2D90E27E745840057C498 /* Resources */,
			);
			buildRules = (
			);
			dependencies = (
			);
			name = Manager;
			productName = Manager;
			productReference = 21F2D91027E745840057C498 /* Manager.app */;
			productType = "com.apple.product-type.application";
		};
/* End PBXNativeTarget section */

/* Begin PBXProject section */
		21F2D90827E745840057C498 /* Project object */ = {
			isa = PBXProject;
			attributes = {
				BuildIndependentTargetsInParallel = 1;
				LastSwiftUpdateCheck = 1300;
				LastUpgradeCheck = 1300;
				TargetAttributes = {
					21F2D90F27E745840057C498 = {
						CreatedOnToolsVersion = 13.0;
					};
				};
			};
			buildConfigurationList = 21F2D90B27E745840057C498 /* Build configuration list for PBXProject "Manager" */;
			compatibilityVersion = "Xcode 13.0";
			developmentRegion = en;
			hasScannedForEncodings = 0;
			knownRegions = (
				en,
				Base,
			);
			mainGroup = 21F2D90727E745840057C498;
			productRefGroup = 21F2D91127E745840057C498 /* Products */;
			projectDirPath = "";
			projectRoot = "";
			targets = (
				21F2D90F27E745840057C498 /* Manager */,
			);
		};
/* End PBXProject section */

/* Begin PBXResourcesBuildPhase section */
		21F2D90E27E745840057C498 /* Resources */ = {
			isa = PBXResourcesBuildPhase;
			buildActionMask = 2147483647;
			files = (
				21F2D92027E745850057C498 /* LaunchScreen.storyboard in Resources */,
				21F2D91D27E745850057C498 /* Assets.xcassets in Resources */,
			);
			runOnlyForDeploymentPostprocessing = 0;
		};
/* End PBXResourcesBuildPhase section */

/* Begin PBXSourcesBuildPhase section */
		21F2D90C27E745840057C498 /* Sources */ = {
			isa = PBXSourcesBuildPhase;
			buildActionMask = 2147483647;
			files = (
				4616C53E29546D860014AE2A /* Notifications.swift in Sources */,
				4655373528EEE18A00A5EF1C /* CustomDatePicker.swift in Sources */,
				462FECF72951A64C002EC4D9 /* Manager.xcdatamodeld in Sources */,
				21F2D91827E745840057C498 /* MainViewController.swift in Sources */,
				211EE5B028255A2E00623523 /* TasksCollectionViewCell.swift in Sources */,
				2195E8A22827E0DA00E70875 /* DemarcationLine.swift in Sources */,
				21F2D91427E745840057C498 /* AppDelegate.swift in Sources */,
				21F2D91627E745840057C498 /* SceneDelegate.swift in Sources */,
				21AEE2CB2826BC1B00169939 /* TaskTitleTextField.swift in Sources */,
				21AEE2DF2826CC8E00169939 /* DescriptionTextView.swift in Sources */,
				216E2488282672100040CA1D /* CreateTaskViewController.swift in Sources */,
				21AEE2D92826C67100169939 /* PrioritySegmentedControl.swift in Sources */,
				4655F131296314080036C9E0 /* TaskCollectionView.swift in Sources */,
			);
			runOnlyForDeploymentPostprocessing = 0;
		};
/* End PBXSourcesBuildPhase section */

/* Begin PBXVariantGroup section */
		21F2D91E27E745850057C498 /* LaunchScreen.storyboard */ = {
			isa = PBXVariantGroup;
			children = (
				21F2D91F27E745850057C498 /* Base */,
			);
			name = LaunchScreen.storyboard;
			sourceTree = "<group>";
		};
/* End PBXVariantGroup section */

/* Begin XCBuildConfiguration section */
		21F2D92227E745850057C498 /* Debug */ = {
			isa = XCBuildConfiguration;
			buildSettings = {
				ALWAYS_SEARCH_USER_PATHS = NO;
				CLANG_ANALYZER_NONNULL = YES;
				CLANG_ANALYZER_NUMBER_OBJECT_CONVERSION = YES_AGGRESSIVE;
				CLANG_CXX_LANGUAGE_STANDARD = "gnu++17";
				CLANG_CXX_LIBRARY = "libc++";
				CLANG_ENABLE_MODULES = YES;
				CLANG_ENABLE_OBJC_ARC = YES;
				CLANG_ENABLE_OBJC_WEAK = YES;
				CLANG_WARN_BLOCK_CAPTURE_AUTORELEASING = YES;
				CLANG_WARN_BOOL_CONVERSION = YES;
				CLANG_WARN_COMMA = YES;
				CLANG_WARN_CONSTANT_CONVERSION = YES;
				CLANG_WARN_DEPRECATED_OBJC_IMPLEMENTATIONS = YES;
				CLANG_WARN_DIRECT_OBJC_ISA_USAGE = YES_ERROR;
				CLANG_WARN_DOCUMENTATION_COMMENTS = YES;
				CLANG_WARN_EMPTY_BODY = YES;
				CLANG_WARN_ENUM_CONVERSION = YES;
				CLANG_WARN_INFINITE_RECURSION = YES;
				CLANG_WARN_INT_CONVERSION = YES;
				CLANG_WARN_NON_LITERAL_NULL_CONVERSION = YES;
				CLANG_WARN_OBJC_IMPLICIT_RETAIN_SELF = YES;
				CLANG_WARN_OBJC_LITERAL_CONVERSION = YES;
				CLANG_WARN_OBJC_ROOT_CLASS = YES_ERROR;
				CLANG_WARN_QUOTED_INCLUDE_IN_FRAMEWORK_HEADER = YES;
				CLANG_WARN_RANGE_LOOP_ANALYSIS = YES;
				CLANG_WARN_STRICT_PROTOTYPES = YES;
				CLANG_WARN_SUSPICIOUS_MOVE = YES;
				CLANG_WARN_UNGUARDED_AVAILABILITY = YES_AGGRESSIVE;
				CLANG_WARN_UNREACHABLE_CODE = YES;
				CLANG_WARN__DUPLICATE_METHOD_MATCH = YES;
				COPY_PHASE_STRIP = NO;
				DEBUG_INFORMATION_FORMAT = dwarf;
				ENABLE_STRICT_OBJC_MSGSEND = YES;
				ENABLE_TESTABILITY = YES;
				GCC_C_LANGUAGE_STANDARD = gnu11;
				GCC_DYNAMIC_NO_PIC = NO;
				GCC_NO_COMMON_BLOCKS = YES;
				GCC_OPTIMIZATION_LEVEL = 0;
				GCC_PREPROCESSOR_DEFINITIONS = (
					"DEBUG=1",
					"$(inherited)",
				);
				GCC_WARN_64_TO_32_BIT_CONVERSION = YES;
				GCC_WARN_ABOUT_RETURN_TYPE = YES_ERROR;
				GCC_WARN_UNDECLARED_SELECTOR = YES;
				GCC_WARN_UNINITIALIZED_AUTOS = YES_AGGRESSIVE;
				GCC_WARN_UNUSED_FUNCTION = YES;
				GCC_WARN_UNUSED_VARIABLE = YES;
				IPHONEOS_DEPLOYMENT_TARGET = 15.0;
				MTL_ENABLE_DEBUG_INFO = INCLUDE_SOURCE;
				MTL_FAST_MATH = YES;
				ONLY_ACTIVE_ARCH = YES;
				SDKROOT = iphoneos;
				SWIFT_ACTIVE_COMPILATION_CONDITIONS = DEBUG;
				SWIFT_OPTIMIZATION_LEVEL = "-Onone";
			};
			name = Debug;
		};
		21F2D92327E745850057C498 /* Release */ = {
			isa = XCBuildConfiguration;
			buildSettings = {
				ALWAYS_SEARCH_USER_PATHS = NO;
				CLANG_ANALYZER_NONNULL = YES;
				CLANG_ANALYZER_NUMBER_OBJECT_CONVERSION = YES_AGGRESSIVE;
				CLANG_CXX_LANGUAGE_STANDARD = "gnu++17";
				CLANG_CXX_LIBRARY = "libc++";
				CLANG_ENABLE_MODULES = YES;
				CLANG_ENABLE_OBJC_ARC = YES;
				CLANG_ENABLE_OBJC_WEAK = YES;
				CLANG_WARN_BLOCK_CAPTURE_AUTORELEASING = YES;
				CLANG_WARN_BOOL_CONVERSION = YES;
				CLANG_WARN_COMMA = YES;
				CLANG_WARN_CONSTANT_CONVERSION = YES;
				CLANG_WARN_DEPRECATED_OBJC_IMPLEMENTATIONS = YES;
				CLANG_WARN_DIRECT_OBJC_ISA_USAGE = YES_ERROR;
				CLANG_WARN_DOCUMENTATION_COMMENTS = YES;
				CLANG_WARN_EMPTY_BODY = YES;
				CLANG_WARN_ENUM_CONVERSION = YES;
				CLANG_WARN_INFINITE_RECURSION = YES;
				CLANG_WARN_INT_CONVERSION = YES;
				CLANG_WARN_NON_LITERAL_NULL_CONVERSION = YES;
				CLANG_WARN_OBJC_IMPLICIT_RETAIN_SELF = YES;
				CLANG_WARN_OBJC_LITERAL_CONVERSION = YES;
				CLANG_WARN_OBJC_ROOT_CLASS = YES_ERROR;
				CLANG_WARN_QUOTED_INCLUDE_IN_FRAMEWORK_HEADER = YES;
				CLANG_WARN_RANGE_LOOP_ANALYSIS = YES;
				CLANG_WARN_STRICT_PROTOTYPES = YES;
				CLANG_WARN_SUSPICIOUS_MOVE = YES;
				CLANG_WARN_UNGUARDED_AVAILABILITY = YES_AGGRESSIVE;
				CLANG_WARN_UNREACHABLE_CODE = YES;
				CLANG_WARN__DUPLICATE_METHOD_MATCH = YES;
				COPY_PHASE_STRIP = NO;
				DEBUG_INFORMATION_FORMAT = "dwarf-with-dsym";
				ENABLE_NS_ASSERTIONS = NO;
				ENABLE_STRICT_OBJC_MSGSEND = YES;
				GCC_C_LANGUAGE_STANDARD = gnu11;
				GCC_NO_COMMON_BLOCKS = YES;
				GCC_WARN_64_TO_32_BIT_CONVERSION = YES;
				GCC_WARN_ABOUT_RETURN_TYPE = YES_ERROR;
				GCC_WARN_UNDECLARED_SELECTOR = YES;
				GCC_WARN_UNINITIALIZED_AUTOS = YES_AGGRESSIVE;
				GCC_WARN_UNUSED_FUNCTION = YES;
				GCC_WARN_UNUSED_VARIABLE = YES;
				IPHONEOS_DEPLOYMENT_TARGET = 15.0;
				MTL_ENABLE_DEBUG_INFO = NO;
				MTL_FAST_MATH = YES;
				SDKROOT = iphoneos;
				SWIFT_COMPILATION_MODE = wholemodule;
				SWIFT_OPTIMIZATION_LEVEL = "-O";
				VALIDATE_PRODUCT = YES;
			};
			name = Release;
		};
		21F2D92527E745850057C498 /* Debug */ = {
			isa = XCBuildConfiguration;
			buildSettings = {
				ASSETCATALOG_COMPILER_APPICON_NAME = AppIcon;
				ASSETCATALOG_COMPILER_GLOBAL_ACCENT_COLOR_NAME = AccentColor;
				CODE_SIGN_STYLE = Automatic;
				CURRENT_PROJECT_VERSION = 1;
				DEVELOPMENT_TEAM = 2L2N455LK4;
				GENERATE_INFOPLIST_FILE = YES;
				INFOPLIST_FILE = Manager/Resources/Info.plist;
				INFOPLIST_KEY_CFBundleDisplayName = "Task Manager";
				INFOPLIST_KEY_LSApplicationCategoryType = "public.app-category.productivity";
				INFOPLIST_KEY_UIApplicationSupportsIndirectInputEvents = YES;
				INFOPLIST_KEY_UILaunchStoryboardName = LaunchScreen;
				INFOPLIST_KEY_UIStatusBarHidden = NO;
				INFOPLIST_KEY_UIStatusBarStyle = "";
				INFOPLIST_KEY_UISupportedInterfaceOrientations = UIInterfaceOrientationPortrait;
				INFOPLIST_KEY_UISupportedInterfaceOrientations_iPad = "UIInterfaceOrientationLandscapeLeft UIInterfaceOrientationLandscapeRight UIInterfaceOrientationPortrait UIInterfaceOrientationPortraitUpsideDown";
				LD_RUNPATH_SEARCH_PATHS = (
					"$(inherited)",
					"@executable_path/Frameworks",
				);
				MARKETING_VERSION = 1.0;
				PRODUCT_BUNDLE_IDENTIFIER = df.Manager;
				PRODUCT_NAME = "$(TARGET_NAME)";
				SUPPORTED_PLATFORMS = "iphoneos iphonesimulator";
				SUPPORTS_MACCATALYST = NO;
				SUPPORTS_MAC_DESIGNED_FOR_IPHONE_IPAD = NO;
				SWIFT_EMIT_LOC_STRINGS = YES;
				SWIFT_VERSION = 5.0;
				TARGETED_DEVICE_FAMILY = 1;
			};
			name = Debug;
		};
		21F2D92627E745850057C498 /* Release */ = {
			isa = XCBuildConfiguration;
			buildSettings = {
				ASSETCATALOG_COMPILER_APPICON_NAME = AppIcon;
				ASSETCATALOG_COMPILER_GLOBAL_ACCENT_COLOR_NAME = AccentColor;
				CODE_SIGN_STYLE = Automatic;
				CURRENT_PROJECT_VERSION = 1;
				DEVELOPMENT_TEAM = 2L2N455LK4;
				GENERATE_INFOPLIST_FILE = YES;
				INFOPLIST_FILE = Manager/Resources/Info.plist;
				INFOPLIST_KEY_CFBundleDisplayName = "Task Manager";
				INFOPLIST_KEY_LSApplicationCategoryType = "public.app-category.productivity";
				INFOPLIST_KEY_UIApplicationSupportsIndirectInputEvents = YES;
				INFOPLIST_KEY_UILaunchStoryboardName = LaunchScreen;
				INFOPLIST_KEY_UIStatusBarHidden = NO;
				INFOPLIST_KEY_UIStatusBarStyle = "";
				INFOPLIST_KEY_UISupportedInterfaceOrientations = UIInterfaceOrientationPortrait;
				INFOPLIST_KEY_UISupportedInterfaceOrientations_iPad = "UIInterfaceOrientationLandscapeLeft UIInterfaceOrientationLandscapeRight UIInterfaceOrientationPortrait UIInterfaceOrientationPortraitUpsideDown";
				LD_RUNPATH_SEARCH_PATHS = (
					"$(inherited)",
					"@executable_path/Frameworks",
				);
				MARKETING_VERSION = 1.0;
				PRODUCT_BUNDLE_IDENTIFIER = df.Manager;
				PRODUCT_NAME = "$(TARGET_NAME)";
				SUPPORTED_PLATFORMS = "iphoneos iphonesimulator";
				SUPPORTS_MACCATALYST = NO;
				SUPPORTS_MAC_DESIGNED_FOR_IPHONE_IPAD = NO;
				SWIFT_EMIT_LOC_STRINGS = YES;
				SWIFT_VERSION = 5.0;
				TARGETED_DEVICE_FAMILY = 1;
			};
			name = Release;
		};
/* End XCBuildConfiguration section */

/* Begin XCConfigurationList section */
		21F2D90B27E745840057C498 /* Build configuration list for PBXProject "Manager" */ = {
			isa = XCConfigurationList;
			buildConfigurations = (
				21F2D92227E745850057C498 /* Debug */,
				21F2D92327E745850057C498 /* Release */,
			);
			defaultConfigurationIsVisible = 0;
			defaultConfigurationName = Release;
		};
		21F2D92427E745850057C498 /* Build configuration list for PBXNativeTarget "Manager" */ = {
			isa = XCConfigurationList;
			buildConfigurations = (
				21F2D92527E745850057C498 /* Debug */,
				21F2D92627E745850057C498 /* Release */,
			);
			defaultConfigurationIsVisible = 0;
			defaultConfigurationName = Release;
		};
/* End XCConfigurationList section */

/* Begin XCVersionGroup section */
		462FECF52951A64C002EC4D9 /* Manager.xcdatamodeld */ = {
			isa = XCVersionGroup;
			children = (
				462FECF62951A64C002EC4D9 /* Manager.xcdatamodel */,
			);
			currentVersion = 462FECF62951A64C002EC4D9 /* Manager.xcdatamodel */;
			path = Manager.xcdatamodeld;
			sourceTree = "<group>";
			versionGroupType = wrapper.xcdatamodel;
		};
/* End XCVersionGroup section */
	};
	rootObject = 21F2D90827E745840057C498 /* Project object */;
}
